lockfileVersion: '9.0'

settings:
  autoInstallPeers: true
  excludeLinksFromLockfile: false

importers:

  .:
    dependencies:
      '@hookform/resolvers':
        specifier: ^3.9.0
        version: 3.9.0(react-hook-form@7.52.2(react@18.3.1))

packages:

  '@hookform/resolvers@3.9.0':
    resolution: {integrity: sha512-bU0Gr4EepJ/EQsH/IwEzYLsT/PEj5C0ynLQ4m+GSHS+xKH4TfSelhluTgOaoc4kA5s7eCsQbM4wvZLzELmWzUg==}
    peerDependencies:
      react-hook-form: ^7.0.0

  js-tokens@4.0.0:
    resolution: {integrity: sha512-RdJUflcE3cUzKiMqQgsCu06FPu9UdIJO0beYbPhHN4k6apgJtifcoCtT9bcxOpYBtpD2kCM6Sbzg4CausW/PKQ==}

  loose-envify@1.4.0:
    resolution: {integrity: sha512-lyuxPGr/Wfhrlem2CL/UcnUc1zcqKAImBDzukY7Y5F/yQiNdko6+fRLevlw1HgMySw7f611UIY408EtxRSoK3Q==}
    hasBin: true

  react-hook-form@7.52.2:
    resolution: {integrity: sha512-pqfPEbERnxxiNMPd0bzmt1tuaPcVccywFDpyk2uV5xCIBphHV5T8SVnX9/o3kplPE1zzKt77+YIoq+EMwJp56A==}
    engines: {node: '>=18.0.0'}
    peerDependencies:
      react: ^16.8.0 || ^17 || ^18 || ^19

  react@18.3.1:
    resolution: {integrity: sha512-wS+hAgJShR0KhEvPJArfuPVN1+Hz1t0Y6n5jLrGQbkb4urgPE/0Rve+1kMB1v/oWgHgm4WIcV+i7F2pTVj+2iQ==}
    engines: {node: '>=0.10.0'}

snapshots:

  '@hookform/resolvers@3.9.0(react-hook-form@7.52.2(react@18.3.1))':
    dependencies:
      react-hook-form: 7.52.2(react@18.3.1)

  js-tokens@4.0.0: {}

  loose-envify@1.4.0:
    dependencies:
      js-tokens: 4.0.0

  react-hook-form@7.52.2(react@18.3.1):
    dependencies:
      react: 18.3.1

  react@18.3.1:
    dependencies:
      loose-envify: 1.4.0
